
Microsoft Visual Studio Solution File, Format Version 12.00
# Visual Studio Version 17
VisualStudioVersion = 17.4.33213.308
MinimumVisualStudioVersion = 10.0.40219.1
Project("{FAE04EC0-301F-11D3-BF4B-00C04F79EFBC}") = "GymManagmentSystem", "GymManagmentSystem\GymManagmentSystem.csproj", "{D91AC127-3B36-4697-A26E-69BF3773CDD0}"
EndProject
Global
	GlobalSection(SolutionConfigurationPlatforms) = preSolution
		Debug|Any CPU = Debug|Any CPU
		Release|Any CPU = Release|Any CPU
	EndGlobalSection
	GlobalSection(ProjectConfigurationPlatforms) = postSolution
		{D91AC127-3B36-4697-A26E-69BF3773CDD0}.Debug|Any CPU.ActiveCfg = Debug|Any CPU
		{D91AC127-3B36-4697-A26E-69BF3773CDD0}.Debug|Any CPU.Build.0 = Debug|Any CPU
		{D91AC127-3B36-4697-A26E-69BF3773CDD0}.Release|Any CPU.ActiveCfg = Release|Any CPU
		{D91AC127-3B36-4697-A26E-69BF3773CDD0}.Release|Any CPU.Build.0 = Release|Any CPU
	EndGlobalSection
	GlobalSection(SolutionProperties) = preSolution
		HideSolutionNode = FALSE
	EndGlobalSection
	GlobalSection(ExtensibilityGlobals) = postSolution
		SolutionGuid = {5283C22B-3270-4186-AE96-998E47C7C388}
	EndGlobalSection
EndGlobal
